
Microsoft Visual Studio Solution File, Format Version 12.00
# Visual Studio Version 17
VisualStudioVersion = 17.4.33213.308
MinimumVisualStudioVersion = 10.0.40219.1
Project("{2150E333-8FDC-42A3-9474-1A3956D46DE8}") = "Services", "Services", "{D3A96210-E21E-431A-9570-1D874AF426A8}"
EndProject
Project("{2150E333-8FDC-42A3-9474-1A3956D46DE8}") = "Maintanence", "Maintanence", "{2A82AD00-68A1-4749-82CE-45E1D988E5B4}"
EndProject
Project("{9A19103F-16F7-4668-BE54-9A1E7A4F7556}") = "Services.Maintenance.API", "Services\Maintanence\Services.Maintenance.API\Services.Maintenance.API.csproj", "{30C902B3-B173-41D7-ACD3-411B7D9AB2B8}"
EndProject
Project("{9A19103F-16F7-4668-BE54-9A1E7A4F7556}") = "Services.Maintenance.Data", "Services\Maintanence\Services.Maintenance.Data\Services.Maintenance.Data.csproj", "{FDCAA520-0D85-49D6-819F-5B6209B9D5E6}"
EndProject
Project("{9A19103F-16F7-4668-BE54-9A1E7A4F7556}") = "Services.Maintenance.Business", "Services\Maintanence\Services.Maintenance.Business\Services.Maintenance.Business.csproj", "{87A99AD8-6CAB-4B33-BC12-326EEFBB536E}"
EndProject
Project("{9A19103F-16F7-4668-BE54-9A1E7A4F7556}") = "Services.Maintenance.Model", "Services\Maintanence\Services.Maintenance.Model\Services.Maintenance.Model.csproj", "{0C1D3558-8374-4FD7-B5BE-0FB911498E34}"
EndProject
Project("{2150E333-8FDC-42A3-9474-1A3956D46DE8}") = "Shared", "Shared", "{65019396-08E3-43DD-A68F-DD1106982EC1}"
EndProject
Project("{9A19103F-16F7-4668-BE54-9A1E7A4F7556}") = "OperationsManagement.Shared", "OperationsManagement.Shared\OperationsManagement.Shared.csproj", "{41E61620-49C1-49CC-B232-66B9C59A2E8C}"
EndProject
Project("{2150E333-8FDC-42A3-9474-1A3956D46DE8}") = "Vehicle", "Vehicle", "{7067E998-B3A0-430F-8DAE-EB3CD6C700F0}"
EndProject
Project("{2150E333-8FDC-42A3-9474-1A3956D46DE8}") = "User", "User", "{CDD81C05-EBCB-4E53-B6AA-5447328BEFFB}"
EndProject
Project("{2150E333-8FDC-42A3-9474-1A3956D46DE8}") = "Picture", "Picture", "{6D9C3393-B31B-45C3-9D7D-9A5EBABED76F}"
EndProject
Project("{9A19103F-16F7-4668-BE54-9A1E7A4F7556}") = "Services.User.API", "Services\User\Services.User.API\Services.User.API.csproj", "{1D9C1F3F-1FE7-4480-9308-BAE336D91D15}"
EndProject
Project("{9A19103F-16F7-4668-BE54-9A1E7A4F7556}") = "Services.User.Business", "Services\User\Services.User.Business\Services.User.Business.csproj", "{085C5120-A8FA-4219-B92B-B55F059C624D}"
EndProject
Project("{2150E333-8FDC-42A3-9474-1A3956D46DE8}") = "ActionType", "ActionType", "{8A7F0F90-E540-404B-BE4F-B9B0CE933AC6}"
EndProject
Project("{2150E333-8FDC-42A3-9474-1A3956D46DE8}") = "Status", "Status", "{F121806A-74CF-4FC6-ACF5-37A3BE536631}"
EndProject
Project("{9A19103F-16F7-4668-BE54-9A1E7A4F7556}") = "Services.ActionType.API", "Services\ActionType\Services.ActionType.API\Services.ActionType.API.csproj", "{728D07E2-D81D-44DE-BF2E-0B7B7D59677E}"
EndProject
Project("{9A19103F-16F7-4668-BE54-9A1E7A4F7556}") = "Services.User.Data", "Services\User\Services.User.Data\Services.User.Data.csproj", "{B6AABC94-AE00-450F-AF85-5DC9DD4BDEEC}"
EndProject
Project("{9A19103F-16F7-4668-BE54-9A1E7A4F7556}") = "Services.User.Model", "Services\User\Services.User.Model\Services.User.Model.csproj", "{BDE9485C-5F8A-4BD1-A315-A2A1A3B1EC14}"
EndProject
Project("{9A19103F-16F7-4668-BE54-9A1E7A4F7556}") = "Services.Vehicle.API", "Services\Vehicle\Services.Vehicle.API\Services.Vehicle.API.csproj", "{EB69FF69-5177-45B9-B45A-0E959046C750}"
EndProject
Project("{9A19103F-16F7-4668-BE54-9A1E7A4F7556}") = "Services.Vehicle.Business", "Services\Vehicle\Services.Vehicle.Business\Services.Vehicle.Business.csproj", "{63FD65CA-5663-4B81-91D5-295A2B2E7508}"
EndProject
Project("{9A19103F-16F7-4668-BE54-9A1E7A4F7556}") = "Services.Vehicle.Data", "Services\Vehicle\Services.Vehicle.Data\Services.Vehicle.Data.csproj", "{A7A93559-7CEF-45D9-8A05-E8C73C631E7E}"
EndProject
Project("{9A19103F-16F7-4668-BE54-9A1E7A4F7556}") = "Services.Vehicle.Model", "Services\Vehicle\Services.Vehicle.Model\Services.Vehicle.Model.csproj", "{4817F551-A6DF-4862-B01B-E3630150C1CC}"
EndProject
Project("{9A19103F-16F7-4668-BE54-9A1E7A4F7556}") = "Services.ActionType.Business", "Services\ActionType\Services.ActionType.Business\Services.ActionType.Business.csproj", "{F4246D8A-7DFC-4072-B653-2B27BCB34954}"
EndProject
Project("{9A19103F-16F7-4668-BE54-9A1E7A4F7556}") = "Services.ActionType.Data", "Services\ActionType\Services.ActionType.Data\Services.ActionType.Data.csproj", "{EC6ED74C-2CC1-4CA8-A5B1-B03322C13144}"
EndProject
Project("{9A19103F-16F7-4668-BE54-9A1E7A4F7556}") = "Services.Status.API", "Services\Status\Services.Status.API\Services.Status.API.csproj", "{C15C9D26-F47C-4DCE-9C5E-1E8F33DAAF23}"
EndProject
Project("{9A19103F-16F7-4668-BE54-9A1E7A4F7556}") = "Services.Status.Data", "Services\Status\Services.Status.Data\Services.Status.Data.csproj", "{BF53B01D-8077-4134-A6DA-C3D169E4EC92}"
EndProject
Project("{9A19103F-16F7-4668-BE54-9A1E7A4F7556}") = "Services.Status.Model", "Services\Status\Services.Status.Model\Services.Status.Model.csproj", "{E1035070-CAC7-4F8D-89AB-D25032EC0F92}"
EndProject
Project("{9A19103F-16F7-4668-BE54-9A1E7A4F7556}") = "Services.ActionType.Model", "Services\ActionType\Services.ActionType.Model\Services.ActionType.Model.csproj", "{C5C655C8-C263-46EF-B568-011AA53C7AAE}"
EndProject
Project("{9A19103F-16F7-4668-BE54-9A1E7A4F7556}") = "Services.Status.Business", "Services\Status\Services.Status.Business\Services.Status.Business.csproj", "{19F652D0-A4CA-4E99-A161-FB1F41FF9763}"
EndProject
Global
	GlobalSection(SolutionConfigurationPlatforms) = preSolution
		Debug|Any CPU = Debug|Any CPU
		Release|Any CPU = Release|Any CPU
	EndGlobalSection
	GlobalSection(ProjectConfigurationPlatforms) = postSolution
		{30C902B3-B173-41D7-ACD3-411B7D9AB2B8}.Debug|Any CPU.ActiveCfg = Debug|Any CPU
		{30C902B3-B173-41D7-ACD3-411B7D9AB2B8}.Debug|Any CPU.Build.0 = Debug|Any CPU
		{30C902B3-B173-41D7-ACD3-411B7D9AB2B8}.Release|Any CPU.ActiveCfg = Release|Any CPU
		{30C902B3-B173-41D7-ACD3-411B7D9AB2B8}.Release|Any CPU.Build.0 = Release|Any CPU
		{FDCAA520-0D85-49D6-819F-5B6209B9D5E6}.Debug|Any CPU.ActiveCfg = Debug|Any CPU
		{FDCAA520-0D85-49D6-819F-5B6209B9D5E6}.Debug|Any CPU.Build.0 = Debug|Any CPU
		{FDCAA520-0D85-49D6-819F-5B6209B9D5E6}.Release|Any CPU.ActiveCfg = Release|Any CPU
		{FDCAA520-0D85-49D6-819F-5B6209B9D5E6}.Release|Any CPU.Build.0 = Release|Any CPU
		{87A99AD8-6CAB-4B33-BC12-326EEFBB536E}.Debug|Any CPU.ActiveCfg = Debug|Any CPU
		{87A99AD8-6CAB-4B33-BC12-326EEFBB536E}.Debug|Any CPU.Build.0 = Debug|Any CPU
		{87A99AD8-6CAB-4B33-BC12-326EEFBB536E}.Release|Any CPU.ActiveCfg = Release|Any CPU
		{87A99AD8-6CAB-4B33-BC12-326EEFBB536E}.Release|Any CPU.Build.0 = Release|Any CPU
		{0C1D3558-8374-4FD7-B5BE-0FB911498E34}.Debug|Any CPU.ActiveCfg = Debug|Any CPU
		{0C1D3558-8374-4FD7-B5BE-0FB911498E34}.Debug|Any CPU.Build.0 = Debug|Any CPU
		{0C1D3558-8374-4FD7-B5BE-0FB911498E34}.Release|Any CPU.ActiveCfg = Release|Any CPU
		{0C1D3558-8374-4FD7-B5BE-0FB911498E34}.Release|Any CPU.Build.0 = Release|Any CPU
		{41E61620-49C1-49CC-B232-66B9C59A2E8C}.Debug|Any CPU.ActiveCfg = Debug|Any CPU
		{41E61620-49C1-49CC-B232-66B9C59A2E8C}.Debug|Any CPU.Build.0 = Debug|Any CPU
		{41E61620-49C1-49CC-B232-66B9C59A2E8C}.Release|Any CPU.ActiveCfg = Release|Any CPU
		{41E61620-49C1-49CC-B232-66B9C59A2E8C}.Release|Any CPU.Build.0 = Release|Any CPU
		{1D9C1F3F-1FE7-4480-9308-BAE336D91D15}.Debug|Any CPU.ActiveCfg = Debug|Any CPU
		{1D9C1F3F-1FE7-4480-9308-BAE336D91D15}.Debug|Any CPU.Build.0 = Debug|Any CPU
		{1D9C1F3F-1FE7-4480-9308-BAE336D91D15}.Release|Any CPU.ActiveCfg = Release|Any CPU
		{1D9C1F3F-1FE7-4480-9308-BAE336D91D15}.Release|Any CPU.Build.0 = Release|Any CPU
		{085C5120-A8FA-4219-B92B-B55F059C624D}.Debug|Any CPU.ActiveCfg = Debug|Any CPU
		{085C5120-A8FA-4219-B92B-B55F059C624D}.Debug|Any CPU.Build.0 = Debug|Any CPU
		{085C5120-A8FA-4219-B92B-B55F059C624D}.Release|Any CPU.ActiveCfg = Release|Any CPU
		{085C5120-A8FA-4219-B92B-B55F059C624D}.Release|Any CPU.Build.0 = Release|Any CPU
		{728D07E2-D81D-44DE-BF2E-0B7B7D59677E}.Debug|Any CPU.ActiveCfg = Debug|Any CPU
		{728D07E2-D81D-44DE-BF2E-0B7B7D59677E}.Debug|Any CPU.Build.0 = Debug|Any CPU
		{728D07E2-D81D-44DE-BF2E-0B7B7D59677E}.Release|Any CPU.ActiveCfg = Release|Any CPU
		{728D07E2-D81D-44DE-BF2E-0B7B7D59677E}.Release|Any CPU.Build.0 = Release|Any CPU
		{B6AABC94-AE00-450F-AF85-5DC9DD4BDEEC}.Debug|Any CPU.ActiveCfg = Debug|Any CPU
		{B6AABC94-AE00-450F-AF85-5DC9DD4BDEEC}.Debug|Any CPU.Build.0 = Debug|Any CPU
		{B6AABC94-AE00-450F-AF85-5DC9DD4BDEEC}.Release|Any CPU.ActiveCfg = Release|Any CPU
		{B6AABC94-AE00-450F-AF85-5DC9DD4BDEEC}.Release|Any CPU.Build.0 = Release|Any CPU
		{BDE9485C-5F8A-4BD1-A315-A2A1A3B1EC14}.Debug|Any CPU.ActiveCfg = Debug|Any CPU
		{BDE9485C-5F8A-4BD1-A315-A2A1A3B1EC14}.Debug|Any CPU.Build.0 = Debug|Any CPU
		{BDE9485C-5F8A-4BD1-A315-A2A1A3B1EC14}.Release|Any CPU.ActiveCfg = Release|Any CPU
		{BDE9485C-5F8A-4BD1-A315-A2A1A3B1EC14}.Release|Any CPU.Build.0 = Release|Any CPU
		{EB69FF69-5177-45B9-B45A-0E959046C750}.Debug|Any CPU.ActiveCfg = Debug|Any CPU
		{EB69FF69-5177-45B9-B45A-0E959046C750}.Debug|Any CPU.Build.0 = Debug|Any CPU
		{EB69FF69-5177-45B9-B45A-0E959046C750}.Release|Any CPU.ActiveCfg = Release|Any CPU
		{EB69FF69-5177-45B9-B45A-0E959046C750}.Release|Any CPU.Build.0 = Release|Any CPU
		{63FD65CA-5663-4B81-91D5-295A2B2E7508}.Debug|Any CPU.ActiveCfg = Debug|Any CPU
		{63FD65CA-5663-4B81-91D5-295A2B2E7508}.Debug|Any CPU.Build.0 = Debug|Any CPU
		{63FD65CA-5663-4B81-91D5-295A2B2E7508}.Release|Any CPU.ActiveCfg = Release|Any CPU
		{63FD65CA-5663-4B81-91D5-295A2B2E7508}.Release|Any CPU.Build.0 = Release|Any CPU
		{A7A93559-7CEF-45D9-8A05-E8C73C631E7E}.Debug|Any CPU.ActiveCfg = Debug|Any CPU
		{A7A93559-7CEF-45D9-8A05-E8C73C631E7E}.Debug|Any CPU.Build.0 = Debug|Any CPU
		{A7A93559-7CEF-45D9-8A05-E8C73C631E7E}.Release|Any CPU.ActiveCfg = Release|Any CPU
		{A7A93559-7CEF-45D9-8A05-E8C73C631E7E}.Release|Any CPU.Build.0 = Release|Any CPU
		{4817F551-A6DF-4862-B01B-E3630150C1CC}.Debug|Any CPU.ActiveCfg = Debug|Any CPU
		{4817F551-A6DF-4862-B01B-E3630150C1CC}.Debug|Any CPU.Build.0 = Debug|Any CPU
		{4817F551-A6DF-4862-B01B-E3630150C1CC}.Release|Any CPU.ActiveCfg = Release|Any CPU
		{4817F551-A6DF-4862-B01B-E3630150C1CC}.Release|Any CPU.Build.0 = Release|Any CPU
		{F4246D8A-7DFC-4072-B653-2B27BCB34954}.Debug|Any CPU.ActiveCfg = Debug|Any CPU
		{F4246D8A-7DFC-4072-B653-2B27BCB34954}.Debug|Any CPU.Build.0 = Debug|Any CPU
		{F4246D8A-7DFC-4072-B653-2B27BCB34954}.Release|Any CPU.ActiveCfg = Release|Any CPU
		{F4246D8A-7DFC-4072-B653-2B27BCB34954}.Release|Any CPU.Build.0 = Release|Any CPU
		{EC6ED74C-2CC1-4CA8-A5B1-B03322C13144}.Debug|Any CPU.ActiveCfg = Debug|Any CPU
		{EC6ED74C-2CC1-4CA8-A5B1-B03322C13144}.Debug|Any CPU.Build.0 = Debug|Any CPU
		{EC6ED74C-2CC1-4CA8-A5B1-B03322C13144}.Release|Any CPU.ActiveCfg = Release|Any CPU
		{EC6ED74C-2CC1-4CA8-A5B1-B03322C13144}.Release|Any CPU.Build.0 = Release|Any CPU
		{C15C9D26-F47C-4DCE-9C5E-1E8F33DAAF23}.Debug|Any CPU.ActiveCfg = Debug|Any CPU
		{C15C9D26-F47C-4DCE-9C5E-1E8F33DAAF23}.Debug|Any CPU.Build.0 = Debug|Any CPU
		{C15C9D26-F47C-4DCE-9C5E-1E8F33DAAF23}.Release|Any CPU.ActiveCfg = Release|Any CPU
		{C15C9D26-F47C-4DCE-9C5E-1E8F33DAAF23}.Release|Any CPU.Build.0 = Release|Any CPU
		{BF53B01D-8077-4134-A6DA-C3D169E4EC92}.Debug|Any CPU.ActiveCfg = Debug|Any CPU
		{BF53B01D-8077-4134-A6DA-C3D169E4EC92}.Debug|Any CPU.Build.0 = Debug|Any CPU
		{BF53B01D-8077-4134-A6DA-C3D169E4EC92}.Release|Any CPU.ActiveCfg = Release|Any CPU
		{BF53B01D-8077-4134-A6DA-C3D169E4EC92}.Release|Any CPU.Build.0 = Release|Any CPU
		{E1035070-CAC7-4F8D-89AB-D25032EC0F92}.Debug|Any CPU.ActiveCfg = Debug|Any CPU
		{E1035070-CAC7-4F8D-89AB-D25032EC0F92}.Debug|Any CPU.Build.0 = Debug|Any CPU
		{E1035070-CAC7-4F8D-89AB-D25032EC0F92}.Release|Any CPU.ActiveCfg = Release|Any CPU
		{E1035070-CAC7-4F8D-89AB-D25032EC0F92}.Release|Any CPU.Build.0 = Release|Any CPU
		{C5C655C8-C263-46EF-B568-011AA53C7AAE}.Debug|Any CPU.ActiveCfg = Debug|Any CPU
		{C5C655C8-C263-46EF-B568-011AA53C7AAE}.Debug|Any CPU.Build.0 = Debug|Any CPU
		{C5C655C8-C263-46EF-B568-011AA53C7AAE}.Release|Any CPU.ActiveCfg = Release|Any CPU
		{C5C655C8-C263-46EF-B568-011AA53C7AAE}.Release|Any CPU.Build.0 = Release|Any CPU
		{19F652D0-A4CA-4E99-A161-FB1F41FF9763}.Debug|Any CPU.ActiveCfg = Debug|Any CPU
		{19F652D0-A4CA-4E99-A161-FB1F41FF9763}.Debug|Any CPU.Build.0 = Debug|Any CPU
		{19F652D0-A4CA-4E99-A161-FB1F41FF9763}.Release|Any CPU.ActiveCfg = Release|Any CPU
		{19F652D0-A4CA-4E99-A161-FB1F41FF9763}.Release|Any CPU.Build.0 = Release|Any CPU
	EndGlobalSection
	GlobalSection(SolutionProperties) = preSolution
		HideSolutionNode = FALSE
	EndGlobalSection
	GlobalSection(NestedProjects) = preSolution
		{2A82AD00-68A1-4749-82CE-45E1D988E5B4} = {D3A96210-E21E-431A-9570-1D874AF426A8}
		{30C902B3-B173-41D7-ACD3-411B7D9AB2B8} = {2A82AD00-68A1-4749-82CE-45E1D988E5B4}
		{FDCAA520-0D85-49D6-819F-5B6209B9D5E6} = {2A82AD00-68A1-4749-82CE-45E1D988E5B4}
		{87A99AD8-6CAB-4B33-BC12-326EEFBB536E} = {2A82AD00-68A1-4749-82CE-45E1D988E5B4}
		{0C1D3558-8374-4FD7-B5BE-0FB911498E34} = {2A82AD00-68A1-4749-82CE-45E1D988E5B4}
		{41E61620-49C1-49CC-B232-66B9C59A2E8C} = {65019396-08E3-43DD-A68F-DD1106982EC1}
		{7067E998-B3A0-430F-8DAE-EB3CD6C700F0} = {D3A96210-E21E-431A-9570-1D874AF426A8}
		{CDD81C05-EBCB-4E53-B6AA-5447328BEFFB} = {D3A96210-E21E-431A-9570-1D874AF426A8}
		{6D9C3393-B31B-45C3-9D7D-9A5EBABED76F} = {D3A96210-E21E-431A-9570-1D874AF426A8}
		{1D9C1F3F-1FE7-4480-9308-BAE336D91D15} = {CDD81C05-EBCB-4E53-B6AA-5447328BEFFB}
		{085C5120-A8FA-4219-B92B-B55F059C624D} = {CDD81C05-EBCB-4E53-B6AA-5447328BEFFB}
		{8A7F0F90-E540-404B-BE4F-B9B0CE933AC6} = {D3A96210-E21E-431A-9570-1D874AF426A8}
		{F121806A-74CF-4FC6-ACF5-37A3BE536631} = {D3A96210-E21E-431A-9570-1D874AF426A8}
		{728D07E2-D81D-44DE-BF2E-0B7B7D59677E} = {8A7F0F90-E540-404B-BE4F-B9B0CE933AC6}
		{B6AABC94-AE00-450F-AF85-5DC9DD4BDEEC} = {CDD81C05-EBCB-4E53-B6AA-5447328BEFFB}
		{BDE9485C-5F8A-4BD1-A315-A2A1A3B1EC14} = {CDD81C05-EBCB-4E53-B6AA-5447328BEFFB}
		{EB69FF69-5177-45B9-B45A-0E959046C750} = {7067E998-B3A0-430F-8DAE-EB3CD6C700F0}
		{63FD65CA-5663-4B81-91D5-295A2B2E7508} = {7067E998-B3A0-430F-8DAE-EB3CD6C700F0}
		{A7A93559-7CEF-45D9-8A05-E8C73C631E7E} = {7067E998-B3A0-430F-8DAE-EB3CD6C700F0}
		{4817F551-A6DF-4862-B01B-E3630150C1CC} = {7067E998-B3A0-430F-8DAE-EB3CD6C700F0}
		{F4246D8A-7DFC-4072-B653-2B27BCB34954} = {8A7F0F90-E540-404B-BE4F-B9B0CE933AC6}
		{EC6ED74C-2CC1-4CA8-A5B1-B03322C13144} = {8A7F0F90-E540-404B-BE4F-B9B0CE933AC6}
		{C15C9D26-F47C-4DCE-9C5E-1E8F33DAAF23} = {F121806A-74CF-4FC6-ACF5-37A3BE536631}
		{BF53B01D-8077-4134-A6DA-C3D169E4EC92} = {F121806A-74CF-4FC6-ACF5-37A3BE536631}
		{E1035070-CAC7-4F8D-89AB-D25032EC0F92} = {F121806A-74CF-4FC6-ACF5-37A3BE536631}
		{C5C655C8-C263-46EF-B568-011AA53C7AAE} = {8A7F0F90-E540-404B-BE4F-B9B0CE933AC6}
		{19F652D0-A4CA-4E99-A161-FB1F41FF9763} = {F121806A-74CF-4FC6-ACF5-37A3BE536631}
	EndGlobalSection
	GlobalSection(ExtensibilityGlobals) = postSolution
		SolutionGuid = {3554EAE1-5E93-4C9C-9A33-E479DE6ED4AD}
	EndGlobalSection
EndGlobal
